
Microsoft Visual Studio Solution File, Format Version 12.00
# Visual Studio Version 17
VisualStudioVersion = 17.4.33213.308
MinimumVisualStudioVersion = 10.0.40219.1
Project("{FAE04EC0-301F-11D3-BF4B-00C04F79EFBC}") = "Bid501-Server", "Bid501-Server\Bid501-Server.csproj", "{515FAC7D-5706-4F98-BEB6-D4CF22506426}"
EndProject
Project("{FAE04EC0-301F-11D3-BF4B-00C04F79EFBC}") = "Bid501-Client", "Bid501-Client\Bid501-Client.csproj", "{B7DCE4B8-E46E-4B20-B21A-EF1860409B7A}"
EndProject
Project("{FAE04EC0-301F-11D3-BF4B-00C04F79EFBC}") = "Bid501-Shared", "Bid501-Shared\Bid501-Shared.csproj", "{0D5FC631-E6DE-4797-A44B-6F6295E97227}"
EndProject
Global
	GlobalSection(SolutionConfigurationPlatforms) = preSolution
		Debug|Any CPU = Debug|Any CPU
		Release|Any CPU = Release|Any CPU
	EndGlobalSection
	GlobalSection(ProjectConfigurationPlatforms) = postSolution
		{515FAC7D-5706-4F98-BEB6-D4CF22506426}.Debug|Any CPU.ActiveCfg = Debug|Any CPU
		{515FAC7D-5706-4F98-BEB6-D4CF22506426}.Debug|Any CPU.Build.0 = Debug|Any CPU
		{515FAC7D-5706-4F98-BEB6-D4CF22506426}.Release|Any CPU.ActiveCfg = Release|Any CPU
		{515FAC7D-5706-4F98-BEB6-D4CF22506426}.Release|Any CPU.Build.0 = Release|Any CPU
		{B7DCE4B8-E46E-4B20-B21A-EF1860409B7A}.Debug|Any CPU.ActiveCfg = Debug|Any CPU
		{B7DCE4B8-E46E-4B20-B21A-EF1860409B7A}.Debug|Any CPU.Build.0 = Debug|Any CPU
		{B7DCE4B8-E46E-4B20-B21A-EF1860409B7A}.Release|Any CPU.ActiveCfg = Release|Any CPU
		{B7DCE4B8-E46E-4B20-B21A-EF1860409B7A}.Release|Any CPU.Build.0 = Release|Any CPU
		{0D5FC631-E6DE-4797-A44B-6F6295E97227}.Debug|Any CPU.ActiveCfg = Debug|Any CPU
		{0D5FC631-E6DE-4797-A44B-6F6295E97227}.Debug|Any CPU.Build.0 = Debug|Any CPU
		{0D5FC631-E6DE-4797-A44B-6F6295E97227}.Release|Any CPU.ActiveCfg = Release|Any CPU
		{0D5FC631-E6DE-4797-A44B-6F6295E97227}.Release|Any CPU.Build.0 = Release|Any CPU
	EndGlobalSection
	GlobalSection(SolutionProperties) = preSolution
		HideSolutionNode = FALSE
	EndGlobalSection
	GlobalSection(ExtensibilityGlobals) = postSolution
		SolutionGuid = {BABE05D8-8B13-4A5D-95B6-5CBB7274B304}
	EndGlobalSection
EndGlobal
